// !$*UTF8*$!
{
	archiveVersion = 1;
	classes = {
	};
	objectVersion = 77;
	objects = {

/* Begin PBXContainerItemProxy section */
		30DAF17D2D2F5C0100DF6A74 /* PBXContainerItemProxy */ = {
			isa = PBXContainerItemProxy;
			containerPortal = 30DAF1602D2F5C0000DF6A74 /* Project object */;
			proxyType = 1;
			remoteGlobalIDString = 30DAF1672D2F5C0000DF6A74;
			remoteInfo = IntervalsTracker;
		};
		30DAF1872D2F5C0100DF6A74 /* PBXContainerItemProxy */ = {
			isa = PBXContainerItemProxy;
			containerPortal = 30DAF1602D2F5C0000DF6A74 /* Project object */;
			proxyType = 1;
			remoteGlobalIDString = 30DAF1672D2F5C0000DF6A74;
			remoteInfo = IntervalsTracker;
		};
/* End PBXContainerItemProxy section */

/* Begin PBXFileReference section */
		30DAF1682D2F5C0000DF6A74 /* IntervalsTracker.app */ = {isa = PBXFileReference; explicitFileType = wrapper.application; includeInIndex = 0; path = IntervalsTracker.app; sourceTree = BUILT_PRODUCTS_DIR; };
		30DAF17C2D2F5C0100DF6A74 /* IntervalsTrackerTests.xctest */ = {isa = PBXFileReference; explicitFileType = wrapper.cfbundle; includeInIndex = 0; path = IntervalsTrackerTests.xctest; sourceTree = BUILT_PRODUCTS_DIR; };
		30DAF1862D2F5C0100DF6A74 /* IntervalsTrackerUITests.xctest */ = {isa = PBXFileReference; explicitFileType = wrapper.cfbundle; includeInIndex = 0; path = IntervalsTrackerUITests.xctest; sourceTree = BUILT_PRODUCTS_DIR; };
/* End PBXFileReference section */

/* Begin PBXFileSystemSynchronizedBuildFileExceptionSet section */
		30DAF18E2D2F5C0100DF6A74 /* Exceptions for "IntervalsTracker" folder in "IntervalsTracker" target */ = {
			isa = PBXFileSystemSynchronizedBuildFileExceptionSet;
			membershipExceptions = (
				Info.plist,
			);
			target = 30DAF1672D2F5C0000DF6A74 /* IntervalsTracker */;
		};
/* End PBXFileSystemSynchronizedBuildFileExceptionSet section */

/* Begin PBXFileSystemSynchronizedRootGroup section */
		30DAF16A2D2F5C0000DF6A74 /* IntervalsTracker */ = {
			isa = PBXFileSystemSynchronizedRootGroup;
			exceptions = (
				30DAF18E2D2F5C0100DF6A74 /* Exceptions for "IntervalsTracker" folder in "IntervalsTracker" target */,
			);
			path = IntervalsTracker;
			sourceTree = "<group>";
		};
		30DAF17F2D2F5C0100DF6A74 /* IntervalsTrackerTests */ = {
			isa = PBXFileSystemSynchronizedRootGroup;
			path = IntervalsTrackerTests;
			sourceTree = "<group>";
		};
		30DAF1892D2F5C0100DF6A74 /* IntervalsTrackerUITests */ = {
			isa = PBXFileSystemSynchronizedRootGroup;
			path = IntervalsTrackerUITests;
			sourceTree = "<group>";
		};
/* End PBXFileSystemSynchronizedRootGroup section */

/* Begin PBXFrameworksBuildPhase section */
		30DAF1652D2F5C0000DF6A74 /* Frameworks */ = {
			isa = PBXFrameworksBuildPhase;
			buildActionMask = 2147483647;
			files = (
			);
			runOnlyForDeploymentPostprocessing = 0;
		};
		30DAF1792D2F5C0100DF6A74 /* Frameworks */ = {
			isa = PBXFrameworksBuildPhase;
			buildActionMask = 2147483647;
			files = (
			);
			runOnlyForDeploymentPostprocessing = 0;
		};
		30DAF1832D2F5C0100DF6A74 /* Frameworks */ = {
			isa = PBXFrameworksBuildPhase;
			buildActionMask = 2147483647;
			files = (
			);
			runOnlyForDeploymentPostprocessing = 0;
		};
/* End PBXFrameworksBuildPhase section */

/* Begin PBXGroup section */
		30DAF15F2D2F5C0000DF6A74 = {
			isa = PBXGroup;
			children = (
				30DAF16A2D2F5C0000DF6A74 /* IntervalsTracker */,
				30DAF17F2D2F5C0100DF6A74 /* IntervalsTrackerTests */,
				30DAF1892D2F5C0100DF6A74 /* IntervalsTrackerUITests */,
				30DAF1692D2F5C0000DF6A74 /* Products */,
			);
			sourceTree = "<group>";
		};
		30DAF1692D2F5C0000DF6A74 /* Products */ = {
			isa = PBXGroup;
			children = (
				30DAF1682D2F5C0000DF6A74 /* IntervalsTracker.app */,
				30DAF17C2D2F5C0100DF6A74 /* IntervalsTrackerTests.xctest */,
				30DAF1862D2F5C0100DF6A74 /* IntervalsTrackerUITests.xctest */,
			);
			name = Products;
			sourceTree = "<group>";
		};
/* End PBXGroup section */

/* Begin PBXNativeTarget section */
		30DAF1672D2F5C0000DF6A74 /* IntervalsTracker */ = {
			isa = PBXNativeTarget;
			buildConfigurationList = 30DAF18F2D2F5C0100DF6A74 /* Build configuration list for PBXNativeTarget "IntervalsTracker" */;
			buildPhases = (
				30DAF1642D2F5C0000DF6A74 /* Sources */,
				30DAF1652D2F5C0000DF6A74 /* Frameworks */,
				30DAF1662D2F5C0000DF6A74 /* Resources */,
			);
			buildRules = (
			);
			dependencies = (
			);
			fileSystemSynchronizedGroups = (
				30DAF16A2D2F5C0000DF6A74 /* IntervalsTracker */,
			);
			name = IntervalsTracker;
			packageProductDependencies = (
			);
			productName = IntervalsTracker;
			productReference = 30DAF1682D2F5C0000DF6A74 /* IntervalsTracker.app */;
			productType = "com.apple.product-type.application";
		};
		30DAF17B2D2F5C0100DF6A74 /* IntervalsTrackerTests */ = {
			isa = PBXNativeTarget;
			buildConfigurationList = 30DAF1942D2F5C0100DF6A74 /* Build configuration list for PBXNativeTarget "IntervalsTrackerTests" */;
			buildPhases = (
				30DAF1782D2F5C0100DF6A74 /* Sources */,
				30DAF1792D2F5C0100DF6A74 /* Frameworks */,
				30DAF17A2D2F5C0100DF6A74 /* Resources */,
			);
			buildRules = (
			);
			dependencies = (
				30DAF17E2D2F5C0100DF6A74 /* PBXTargetDependency */,
			);
			fileSystemSynchronizedGroups = (
				30DAF17F2D2F5C0100DF6A74 /* IntervalsTrackerTests */,
			);
			name = IntervalsTrackerTests;
			packageProductDependencies = (
			);
			productName = IntervalsTrackerTests;
			productReference = 30DAF17C2D2F5C0100DF6A74 /* IntervalsTrackerTests.xctest */;
			productType = "com.apple.product-type.bundle.unit-test";
		};
		30DAF1852D2F5C0100DF6A74 /* IntervalsTrackerUITests */ = {
			isa = PBXNativeTarget;
			buildConfigurationList = 30DAF1972D2F5C0100DF6A74 /* Build configuration list for PBXNativeTarget "IntervalsTrackerUITests" */;
			buildPhases = (
				30DAF1822D2F5C0100DF6A74 /* Sources */,
				30DAF1832D2F5C0100DF6A74 /* Frameworks */,
				30DAF1842D2F5C0100DF6A74 /* Resources */,
			);
			buildRules = (
			);
			dependencies = (
				30DAF1882D2F5C0100DF6A74 /* PBXTargetDependency */,
			);
			fileSystemSynchronizedGroups = (
				30DAF1892D2F5C0100DF6A74 /* IntervalsTrackerUITests */,
			);
			name = IntervalsTrackerUITests;
			packageProductDependencies = (
			);
			productName = IntervalsTrackerUITests;
			productReference = 30DAF1862D2F5C0100DF6A74 /* IntervalsTrackerUITests.xctest */;
			productType = "com.apple.product-type.bundle.ui-testing";
		};
/* End PBXNativeTarget section */

/* Begin PBXProject section */
		30DAF1602D2F5C0000DF6A74 /* Project object */ = {
			isa = PBXProject;
			attributes = {
				BuildIndependentTargetsInParallel = 1;
				LastSwiftUpdateCheck = 1620;
				LastUpgradeCheck = 1620;
				TargetAttributes = {
					30DAF1672D2F5C0000DF6A74 = {
						CreatedOnToolsVersion = 16.2;
					};
					30DAF17B2D2F5C0100DF6A74 = {
						CreatedOnToolsVersion = 16.2;
						TestTargetID = 30DAF1672D2F5C0000DF6A74;
					};
					30DAF1852D2F5C0100DF6A74 = {
						CreatedOnToolsVersion = 16.2;
						TestTargetID = 30DAF1672D2F5C0000DF6A74;
					};
				};
			};
			buildConfigurationList = 30DAF1632D2F5C0000DF6A74 /* Build configuration list for PBXProject "IntervalsTracker" */;
			developmentRegion = en;
			hasScannedForEncodings = 0;
			knownRegions = (
				en,
				Base,
			);
			mainGroup = 30DAF15F2D2F5C0000DF6A74;
			minimizedProjectReferenceProxies = 1;
			preferredProjectObjectVersion = 77;
			productRefGroup = 30DAF1692D2F5C0000DF6A74 /* Products */;
			projectDirPath = "";
			projectRoot = "";
			targets = (
				30DAF1672D2F5C0000DF6A74 /* IntervalsTracker */,
				30DAF17B2D2F5C0100DF6A74 /* IntervalsTrackerTests */,
				30DAF1852D2F5C0100DF6A74 /* IntervalsTrackerUITests */,
			);
		};
/* End PBXProject section */

/* Begin PBXResourcesBuildPhase section */
		30DAF1662D2F5C0000DF6A74 /* Resources */ = {
			isa = PBXResourcesBuildPhase;
			buildActionMask = 2147483647;
			files = (
			);
			runOnlyForDeploymentPostprocessing = 0;
		};
		30DAF17A2D2F5C0100DF6A74 /* Resources */ = {
			isa = PBXResourcesBuildPhase;
			buildActionMask = 2147483647;
			files = (
			);
			runOnlyForDeploymentPostprocessing = 0;
		};
		30DAF1842D2F5C0100DF6A74 /* Resources */ = {
			isa = PBXResourcesBuildPhase;
			buildActionMask = 2147483647;
			files = (
			);
			runOnlyForDeploymentPostprocessing = 0;
		};
/* End PBXResourcesBuildPhase section */

/* Begin PBXSourcesBuildPhase section */
		30DAF1642D2F5C0000DF6A74 /* Sources */ = {
			isa = PBXSourcesBuildPhase;
			buildActionMask = 2147483647;
			files = (
			);
			runOnlyForDeploymentPostprocessing = 0;
		};
		30DAF1782D2F5C0100DF6A74 /* Sources */ = {
			isa = PBXSourcesBuildPhase;
			buildActionMask = 2147483647;
			files = (
			);
			runOnlyForDeploymentPostprocessing = 0;
		};
		30DAF1822D2F5C0100DF6A74 /* Sources */ = {
			isa = PBXSourcesBuildPhase;
			buildActionMask = 2147483647;
			files = (
			);
			runOnlyForDeploymentPostprocessing = 0;
		};
/* End PBXSourcesBuildPhase section */

/* Begin PBXTargetDependency section */
		30DAF17E2D2F5C0100DF6A74 /* PBXTargetDependency */ = {
			isa = PBXTargetDependency;
			target = 30DAF1672D2F5C0000DF6A74 /* IntervalsTracker */;
			targetProxy = 30DAF17D2D2F5C0100DF6A74 /* PBXContainerItemProxy */;
		};
		30DAF1882D2F5C0100DF6A74 /* PBXTargetDependency */ = {
			isa = PBXTargetDependency;
			target = 30DAF1672D2F5C0000DF6A74 /* IntervalsTracker */;
			targetProxy = 30DAF1872D2F5C0100DF6A74 /* PBXContainerItemProxy */;
		};
/* End PBXTargetDependency section */

/* Begin XCBuildConfiguration section */
		30DAF1902D2F5C0100DF6A74 /* Debug */ = {
			isa = XCBuildConfiguration;
			buildSettings = {
				ASSETCATALOG_COMPILER_APPICON_NAME = AppIcon;
				ASSETCATALOG_COMPILER_GLOBAL_ACCENT_COLOR_NAME = AccentColor;
				CODE_SIGN_ENTITLEMENTS = IntervalsTracker/IntervalsTracker.entitlements;
				CODE_SIGN_STYLE = Automatic;
				CURRENT_PROJECT_VERSION = 1;
				DEVELOPMENT_ASSET_PATHS = "\"IntervalsTracker/Preview Content\"";
				DEVELOPMENT_TEAM = 7597L8A5TZ;
				ENABLE_PREVIEWS = YES;
				GENERATE_INFOPLIST_FILE = YES;
				INFOPLIST_FILE = IntervalsTracker/Info.plist;
				INFOPLIST_KEY_UIApplicationSceneManifest_Generation = YES;
				INFOPLIST_KEY_UIApplicationSupportsIndirectInputEvents = YES;
				INFOPLIST_KEY_UILaunchScreen_Generation = YES;
				INFOPLIST_KEY_UISupportedInterfaceOrientations_iPad = "UIInterfaceOrientationPortrait UIInterfaceOrientationPortraitUpsideDown UIInterfaceOrientationLandscapeLeft UIInterfaceOrientationLandscapeRight";
				INFOPLIST_KEY_UISupportedInterfaceOrientations_iPhone = "UIInterfaceOrientationPortrait UIInterfaceOrientationLandscapeLeft UIInterfaceOrientationLandscapeRight";
				LD_RUNPATH_SEARCH_PATHS = (
					"$(inherited)",
					"@executable_path/Frameworks",
				);
				MARKETING_VERSION = 1.0;
				PRODUCT_BUNDLE_IDENTIFIER = romangorshunov.IntervalsTracker;
				PRODUCT_NAME = "$(TARGET_NAME)";
				SWIFT_EMIT_LOC_STRINGS = YES;
				SWIFT_VERSION = 5.0;
				TARGETED_DEVICE_FAMILY = "1,2";
			};
			name = Debug;
		};
		30DAF1912D2F5C0100DF6A74 /* Release */ = {
			isa = XCBuildConfiguration;
			buildSettings = {
				ASSETCATALOG_COMPILER_APPICON_NAME = AppIcon;
				ASSETCATALOG_COMPILER_GLOBAL_ACCENT_COLOR_NAME = AccentColor;
				CODE_SIGN_ENTITLEMENTS = IntervalsTracker/IntervalsTracker.entitlements;
				CODE_SIGN_STYLE = Automatic;
				CURRENT_PROJECT_VERSION = 1;
				DEVELOPMENT_ASSET_PATHS = "\"IntervalsTracker/Preview Content\"";
				DEVELOPMENT_TEAM = 7597L8A5TZ;
				ENABLE_PREVIEWS = YES;
				GENERATE_INFOPLIST_FILE = YES;
				INFOPLIST_FILE = IntervalsTracker/Info.plist;
				INFOPLIST_KEY_UIApplicationSceneManifest_Generation = YES;
				INFOPLIST_KEY_UIApplicationSupportsIndirectInputEvents = YES;
				INFOPLIST_KEY_UILaunchScreen_Generation = YES;
				INFOPLIST_KEY_UISupportedInterfaceOrientations_iPad = "UIInterfaceOrientationPortrait UIInterfaceOrientationPortraitUpsideDown UIInterfaceOrientationLandscapeLeft UIInterfaceOrientationLandscapeRight";
				INFOPLIST_KEY_UISupportedInterfaceOrientations_iPhone = "UIInterfaceOrientationPortrait UIInterfaceOrientationLandscapeLeft UIInterfaceOrientationLandscapeRight";
				LD_RUNPATH_SEARCH_PATHS = (
					"$(inherited)",
					"@executable_path/Frameworks",
				);
				MARKETING_VERSION = 1.0;
				PRODUCT_BUNDLE_IDENTIFIER = romangorshunov.IntervalsTracker;
				PRODUCT_NAME = "$(TARGET_NAME)";
				SWIFT_EMIT_LOC_STRINGS = YES;
				SWIFT_VERSION = 5.0;
				TARGETED_DEVICE_FAMILY = "1,2";
			};
			name = Release;
		};
		30DAF1922D2F5C0100DF6A74 /* Debug */ = {
			isa = XCBuildConfiguration;
			buildSettings = {
				ALWAYS_SEARCH_USER_PATHS = NO;
				ASSETCATALOG_COMPILER_GENERATE_SWIFT_ASSET_SYMBOL_EXTENSIONS = YES;
				CLANG_ANALYZER_NONNULL = YES;
				CLANG_ANALYZER_NUMBER_OBJECT_CONVERSION = YES_AGGRESSIVE;
				CLANG_CXX_LANGUAGE_STANDARD = "gnu++20";
				CLANG_ENABLE_MODULES = YES;
				CLANG_ENABLE_OBJC_ARC = YES;
				CLANG_ENABLE_OBJC_WEAK = YES;
				CLANG_WARN_BLOCK_CAPTURE_AUTORELEASING = YES;
				CLANG_WARN_BOOL_CONVERSION = YES;
				CLANG_WARN_COMMA = YES;
				CLANG_WARN_CONSTANT_CONVERSION = YES;
				CLANG_WARN_DEPRECATED_OBJC_IMPLEMENTATIONS = YES;
				CLANG_WARN_DIRECT_OBJC_ISA_USAGE = YES_ERROR;
				CLANG_WARN_DOCUMENTATION_COMMENTS = YES;
				CLANG_WARN_EMPTY_BODY = YES;
				CLANG_WARN_ENUM_CONVERSION = YES;
				CLANG_WARN_INFINITE_RECURSION = YES;
				CLANG_WARN_INT_CONVERSION = YES;
				CLANG_WARN_NON_LITERAL_NULL_CONVERSION = YES;
				CLANG_WARN_OBJC_IMPLICIT_RETAIN_SELF = YES;
				CLANG_WARN_OBJC_LITERAL_CONVERSION = YES;
				CLANG_WARN_OBJC_ROOT_CLASS = YES_ERROR;
				CLANG_WARN_QUOTED_INCLUDE_IN_FRAMEWORK_HEADER = YES;
				CLANG_WARN_RANGE_LOOP_ANALYSIS = YES;
				CLANG_WARN_STRICT_PROTOTYPES = YES;
				CLANG_WARN_SUSPICIOUS_MOVE = YES;
				CLANG_WARN_UNGUARDED_AVAILABILITY = YES_AGGRESSIVE;
				CLANG_WARN_UNREACHABLE_CODE = YES;
				CLANG_WARN__DUPLICATE_METHOD_MATCH = YES;
				COPY_PHASE_STRIP = NO;
				DEBUG_INFORMATION_FORMAT = dwarf;
				ENABLE_STRICT_OBJC_MSGSEND = YES;
				ENABLE_TESTABILITY = YES;
				ENABLE_USER_SCRIPT_SANDBOXING = YES;
				GCC_C_LANGUAGE_STANDARD = gnu17;
				GCC_DYNAMIC_NO_PIC = NO;
				GCC_NO_COMMON_BLOCKS = YES;
				GCC_OPTIMIZATION_LEVEL = 0;
				GCC_PREPROCESSOR_DEFINITIONS = (
					"DEBUG=1",
					"$(inherited)",
				);
				GCC_WARN_64_TO_32_BIT_CONVERSION = YES;
				GCC_WARN_ABOUT_RETURN_TYPE = YES_ERROR;
				GCC_WARN_UNDECLARED_SELECTOR = YES;
				GCC_WARN_UNINITIALIZED_AUTOS = YES_AGGRESSIVE;
				GCC_WARN_UNUSED_FUNCTION = YES;
				GCC_WARN_UNUSED_VARIABLE = YES;
				IPHONEOS_DEPLOYMENT_TARGET = 18.2;
				LOCALIZATION_PREFERS_STRING_CATALOGS = YES;
				MTL_ENABLE_DEBUG_INFO = INCLUDE_SOURCE;
				MTL_FAST_MATH = YES;
				ONLY_ACTIVE_ARCH = YES;
				SDKROOT = iphoneos;
				SWIFT_ACTIVE_COMPILATION_CONDITIONS = "DEBUG $(inherited)";
				SWIFT_OPTIMIZATION_LEVEL = "-Onone";
			};
			name = Debug;
		};
		30DAF1932D2F5C0100DF6A74 /* Release */ = {
			isa = XCBuildConfiguration;
			buildSettings = {
				ALWAYS_SEARCH_USER_PATHS = NO;
				ASSETCATALOG_COMPILER_GENERATE_SWIFT_ASSET_SYMBOL_EXTENSIONS = YES;
				CLANG_ANALYZER_NONNULL = YES;
				CLANG_ANALYZER_NUMBER_OBJECT_CONVERSION = YES_AGGRESSIVE;
				CLANG_CXX_LANGUAGE_STANDARD = "gnu++20";
				CLANG_ENABLE_MODULES = YES;
				CLANG_ENABLE_OBJC_ARC = YES;
				CLANG_ENABLE_OBJC_WEAK = YES;
				CLANG_WARN_BLOCK_CAPTURE_AUTORELEASING = YES;
				CLANG_WARN_BOOL_CONVERSION = YES;
				CLANG_WARN_COMMA = YES;
				CLANG_WARN_CONSTANT_CONVERSION = YES;
				CLANG_WARN_DEPRECATED_OBJC_IMPLEMENTATIONS = YES;
				CLANG_WARN_DIRECT_OBJC_ISA_USAGE = YES_ERROR;
				CLANG_WARN_DOCUMENTATION_COMMENTS = YES;
				CLANG_WARN_EMPTY_BODY = YES;
				CLANG_WARN_ENUM_CONVERSION = YES;
				CLANG_WARN_INFINITE_RECURSION = YES;
				CLANG_WARN_INT_CONVERSION = YES;
				CLANG_WARN_NON_LITERAL_NULL_CONVERSION = YES;
				CLANG_WARN_OBJC_IMPLICIT_RETAIN_SELF = YES;
				CLANG_WARN_OBJC_LITERAL_CONVERSION = YES;
				CLANG_WARN_OBJC_ROOT_CLASS = YES_ERROR;
				CLANG_WARN_QUOTED_INCLUDE_IN_FRAMEWORK_HEADER = YES;
				CLANG_WARN_RANGE_LOOP_ANALYSIS = YES;
				CLANG_WARN_STRICT_PROTOTYPES = YES;
				CLANG_WARN_SUSPICIOUS_MOVE = YES;
				CLANG_WARN_UNGUARDED_AVAILABILITY = YES_AGGRESSIVE;
				CLANG_WARN_UNREACHABLE_CODE = YES;
				CLANG_WARN__DUPLICATE_METHOD_MATCH = YES;
				COPY_PHASE_STRIP = NO;
				DEBUG_INFORMATION_FORMAT = "dwarf-with-dsym";
				ENABLE_NS_ASSERTIONS = NO;
				ENABLE_STRICT_OBJC_MSGSEND = YES;
				ENABLE_USER_SCRIPT_SANDBOXING = YES;
				GCC_C_LANGUAGE_STANDARD = gnu17;
				GCC_NO_COMMON_BLOCKS = YES;
				GCC_WARN_64_TO_32_BIT_CONVERSION = YES;
				GCC_WARN_ABOUT_RETURN_TYPE = YES_ERROR;
				GCC_WARN_UNDECLARED_SELECTOR = YES;
				GCC_WARN_UNINITIALIZED_AUTOS = YES_AGGRESSIVE;
				GCC_WARN_UNUSED_FUNCTION = YES;
				GCC_WARN_UNUSED_VARIABLE = YES;
				IPHONEOS_DEPLOYMENT_TARGET = 18.2;
				LOCALIZATION_PREFERS_STRING_CATALOGS = YES;
				MTL_ENABLE_DEBUG_INFO = NO;
				MTL_FAST_MATH = YES;
				SDKROOT = iphoneos;
				SWIFT_COMPILATION_MODE = wholemodule;
				VALIDATE_PRODUCT = YES;
			};
			name = Release;
		};
		30DAF1952D2F5C0100DF6A74 /* Debug */ = {
			isa = XCBuildConfiguration;
			buildSettings = {
				BUNDLE_LOADER = "$(TEST_HOST)";
				CODE_SIGN_STYLE = Automatic;
				CURRENT_PROJECT_VERSION = 1;
				DEVELOPMENT_TEAM = 7597L8A5TZ;
				GENERATE_INFOPLIST_FILE = YES;
				IPHONEOS_DEPLOYMENT_TARGET = 18.2;
				MARKETING_VERSION = 1.0;
				PRODUCT_BUNDLE_IDENTIFIER = romangorshunov.IntervalsTrackerTests;
				PRODUCT_NAME = "$(TARGET_NAME)";
				SWIFT_EMIT_LOC_STRINGS = NO;
				SWIFT_VERSION = 5.0;
				TARGETED_DEVICE_FAMILY = "1,2";
				TEST_HOST = "$(BUILT_PRODUCTS_DIR)/IntervalsTracker.app/$(BUNDLE_EXECUTABLE_FOLDER_PATH)/IntervalsTracker";
			};
			name = Debug;
		};
		30DAF1962D2F5C0100DF6A74 /* Release */ = {
			isa = XCBuildConfiguration;
			buildSettings = {
				BUNDLE_LOADER = "$(TEST_HOST)";
				CODE_SIGN_STYLE = Automatic;
				CURRENT_PROJECT_VERSION = 1;
				DEVELOPMENT_TEAM = 7597L8A5TZ;
				GENERATE_INFOPLIST_FILE = YES;
				IPHONEOS_DEPLOYMENT_TARGET = 18.2;
				MARKETING_VERSION = 1.0;
				PRODUCT_BUNDLE_IDENTIFIER = romangorshunov.IntervalsTrackerTests;
				PRODUCT_NAME = "$(TARGET_NAME)";
				SWIFT_EMIT_LOC_STRINGS = NO;
				SWIFT_VERSION = 5.0;
				TARGETED_DEVICE_FAMILY = "1,2";
				TEST_HOST = "$(BUILT_PRODUCTS_DIR)/IntervalsTracker.app/$(BUNDLE_EXECUTABLE_FOLDER_PATH)/IntervalsTracker";
			};
			name = Release;
		};
		30DAF1982D2F5C0100DF6A74 /* Debug */ = {
			isa = XCBuildConfiguration;
			buildSettings = {
				CODE_SIGN_STYLE = Automatic;
				CURRENT_PROJECT_VERSION = 1;
				DEVELOPMENT_TEAM = 7597L8A5TZ;
				GENERATE_INFOPLIST_FILE = YES;
				MARKETING_VERSION = 1.0;
				PRODUCT_BUNDLE_IDENTIFIER = romangorshunov.IntervalsTrackerUITests;
				PRODUCT_NAME = "$(TARGET_NAME)";
				SWIFT_EMIT_LOC_STRINGS = NO;
				SWIFT_VERSION = 5.0;
				TARGETED_DEVICE_FAMILY = "1,2";
				TEST_TARGET_NAME = IntervalsTracker;
			};
			name = Debug;
		};
		30DAF1992D2F5C0100DF6A74 /* Release */ = {
			isa = XCBuildConfiguration;
			buildSettings = {
				CODE_SIGN_STYLE = Automatic;
				CURRENT_PROJECT_VERSION = 1;
				DEVELOPMENT_TEAM = 7597L8A5TZ;
				GENERATE_INFOPLIST_FILE = YES;
				MARKETING_VERSION = 1.0;
				PRODUCT_BUNDLE_IDENTIFIER = romangorshunov.IntervalsTrackerUITests;
				PRODUCT_NAME = "$(TARGET_NAME)";
				SWIFT_EMIT_LOC_STRINGS = NO;
				SWIFT_VERSION = 5.0;
				TARGETED_DEVICE_FAMILY = "1,2";
				TEST_TARGET_NAME = IntervalsTracker;
			};
			name = Release;
		};
/* End XCBuildConfiguration section */

/* Begin XCConfigurationList section */
		30DAF1632D2F5C0000DF6A74 /* Build configuration list for PBXProject "IntervalsTracker" */ = {
			isa = XCConfigurationList;
			buildConfigurations = (
				30DAF1922D2F5C0100DF6A74 /* Debug */,
				30DAF1932D2F5C0100DF6A74 /* Release */,
			);
			defaultConfigurationIsVisible = 0;
			defaultConfigurationName = Release;
		};
		30DAF18F2D2F5C0100DF6A74 /* Build configuration list for PBXNativeTarget "IntervalsTracker" */ = {
			isa = XCConfigurationList;
			buildConfigurations = (
				30DAF1902D2F5C0100DF6A74 /* Debug */,
				30DAF1912D2F5C0100DF6A74 /* Release */,
			);
			defaultConfigurationIsVisible = 0;
			defaultConfigurationName = Release;
		};
		30DAF1942D2F5C0100DF6A74 /* Build configuration list for PBXNativeTarget "IntervalsTrackerTests" */ = {
			isa = XCConfigurationList;
			buildConfigurations = (
				30DAF1952D2F5C0100DF6A74 /* Debug */,
				30DAF1962D2F5C0100DF6A74 /* Release */,
			);
			defaultConfigurationIsVisible = 0;
			defaultConfigurationName = Release;
		};
		30DAF1972D2F5C0100DF6A74 /* Build configuration list for PBXNativeTarget "IntervalsTrackerUITests" */ = {
			isa = XCConfigurationList;
			buildConfigurations = (
				30DAF1982D2F5C0100DF6A74 /* Debug */,
				30DAF1992D2F5C0100DF6A74 /* Release */,
			);
			defaultConfigurationIsVisible = 0;
			defaultConfigurationName = Release;
		};
/* End XCConfigurationList section */
	};
	rootObject = 30DAF1602D2F5C0000DF6A74 /* Project object */;
}
